{
  "lockfileVersion": 1,
  "configVersion": 1,
  "workspaces": {
    "": {
      "name": "modbus-schema",
      "devDependencies": {
        "@effect/language-service": "^0.86.3",
        "@types/bun": "latest",
        "effect": "^3.21.4",
        "fallow": "^2.104.0",
        "typescript": "^6.0.3",
      },
      "peerDependencies": {
        "effect": "^3.21.4",
      },
    },
  },
  "packages": {
    "@effect/language-service": ["@effect/language-service@0.86.4", "", { "bin": { "effect-language-service": "cli.js" } }, "sha512-XzAPsbwCdm0gRh0E8wJu3wXECb00QraE3LnbObA4RgHn8u2TEbwAjmBadRnwSgOIElfzZjbsRqNR706/V54hDg=="],

    "@fallow-cli/darwin-arm64": ["@fallow-cli/darwin-arm64@2.104.0", "", { "os": "darwin", "cpu": "arm64" }, "sha512-5kKt3JuoYVz5/9PpHdu8u41vOZ6CzIu+5SqNBR8MktGLVMBSERm85+NN63XqgbZrVwIC/5uiP8eHQ0RYw0qhHg=="],

    "@fallow-cli/darwin-x64": ["@fallow-cli/darwin-x64@2.104.0", "", { "os": "darwin", "cpu": "x64" }, "sha512-BEwwYccutb8RxyAm3uE8vwCJ3JSLYYeREj3fpLPFFCjh9eXBBo3Q1Mu5pxBjjUeehfbR6r/FLJb9JV28bCia9g=="],

    "@fallow-cli/linux-arm64-gnu": ["@fallow-cli/linux-arm64-gnu@2.104.0", "", { "os": "linux", "cpu": "arm64" }, "sha512-IyIkmwxm0AfVKXfHYuSBO6Fzt6fgZsRE0arbtObeDlKSv7zZMzqHZPpbSGZxPEmVODBMScdSxxaFSli9xFHBTA=="],

    "@fallow-cli/linux-arm64-musl": ["@fallow-cli/linux-arm64-musl@2.104.0", "", { "os": "linux", "cpu": "arm64" }, "sha512-YskAeLCUUPnbwqtMC452ksI+miw6hN4K6peTFRJ0j2gSpkTriJfUgkudFB1+JX2/YqV41yDAqe5XeDYhuXxjOA=="],

    "@fallow-cli/linux-x64-gnu": ["@fallow-cli/linux-x64-gnu@2.104.0", "", { "os": "linux", "cpu": "x64" }, "sha512-v3Um0fXwTPg7kGRD1hKeS36A7P/3J7h3TiQ2KAzE8ThKkDViHYjKGEkajtGGSIj/Tv+GVnJBOvJ7i752/6iSBA=="],

    "@fallow-cli/linux-x64-musl": ["@fallow-cli/linux-x64-musl@2.104.0", "", { "os": "linux", "cpu": "x64" }, "sha512-wMVyeSp5uHvzVUgNHk6xuTCisVOAUv8FTC6z1swANdLQlQgd4Trnu8GYwhJhO7cU9RuL85yn1XksCs6+PkRM8A=="],

    "@fallow-cli/win32-arm64-msvc": ["@fallow-cli/win32-arm64-msvc@2.104.0", "", { "os": "win32", "cpu": "arm64" }, "sha512-qDRn7zoRKVAHVz+BqKUnUPa8H4gD/g26Fs/hqH9futbthecgjXmPyRJwycE8HTQBNlVwck5d5w36a+PEPsCYaQ=="],

    "@fallow-cli/win32-x64-msvc": ["@fallow-cli/win32-x64-msvc@2.104.0", "", { "os": "win32", "cpu": "x64" }, "sha512-irER9HuZ9DXunl4H9RNsWQ9AvGmHs/Zp1+Yr2ATmgSNumERPXvgXa2IiGtCvKFqI72639TlhUj8+2WqIXZ54WQ=="],

    "@standard-schema/spec": ["@standard-schema/spec@1.1.0", "", {}, "sha512-l2aFy5jALhniG5HgqrD6jXLi/rUWrKvqN/qJx6yoJsgKhblVd+iqqU4RCXavm/jPityDo5TCvKMnpjKnOriy0w=="],

    "@types/bun": ["@types/bun@1.3.14", "", { "dependencies": { "bun-types": "1.3.14" } }, "sha512-h1hFqFVcvAvD9j9K7ZW7vd82aSA+rTdznZa+5bwvCwqSB1jmmfLcbIWhOLx1/+boy/xmjgCs/OMUL8hRJSmnPw=="],

    "@types/node": ["@types/node@26.1.0", "", { "dependencies": { "undici-types": "~8.3.0" } }, "sha512-O0A1G3xPGy4w7AgQdAQYUlQ+BKk2Oovw8eRpofyp5KdBZULnbe+WqaOVNrm705SHphCiG4XHsACrSmPu1f+Kgw=="],

    "bun-types": ["bun-types@1.3.14", "", { "dependencies": { "@types/node": "*" } }, "sha512-4N0ig0fEomHt5R0KCFWjovxow98rIoRwKolrYdCcknNwMekCXRnWEUvgu5soYV8QXtVsrUD8B95MBOZGPvr6KQ=="],

    "detect-libc": ["detect-libc@2.1.2", "", {}, "sha512-Btj2BOOO83o3WyH59e8MgXsxEQVcarkUOpEYrubB0urwnN10yQ364rsiByU11nZlqWYZm05i/of7io4mzihBtQ=="],

    "effect": ["effect@3.21.4", "", { "dependencies": { "@standard-schema/spec": "^1.0.0", "fast-check": "^3.23.1" } }, "sha512-B89v/xSgPbl1J2Ai2u18jxq3odpFauU1rC6/eSs4FeNHi72kwKdJp12VGigvRV2lK+kRnx+OOz41XV8guZd4gQ=="],

    "fallow": ["fallow@2.104.0", "", { "dependencies": { "detect-libc": "2.1.2" }, "optionalDependencies": { "@fallow-cli/darwin-arm64": "2.104.0", "@fallow-cli/darwin-x64": "2.104.0", "@fallow-cli/linux-arm64-gnu": "2.104.0", "@fallow-cli/linux-arm64-musl": "2.104.0", "@fallow-cli/linux-x64-gnu": "2.104.0", "@fallow-cli/linux-x64-musl": "2.104.0", "@fallow-cli/win32-arm64-msvc": "2.104.0", "@fallow-cli/win32-x64-msvc": "2.104.0" }, "bin": { "fallow": "bin/fallow", "fallow-lsp": "bin/fallow-lsp", "fallow-mcp": "bin/fallow-mcp" } }, "sha512-UX6Q10Feyb7epe5tTI0sHCHPReOhuKOtxdVpkbqr1lLSZirv2PJiLTTrJr7gKeLHbztE9CHR1y7YARSe0rNYag=="],

    "fast-check": ["fast-check@3.23.2", "", { "dependencies": { "pure-rand": "^6.1.0" } }, "sha512-h5+1OzzfCC3Ef7VbtKdcv7zsstUQwUDlYpUTvjeUsJAssPgLn7QzbboPtL5ro04Mq0rPOsMzl7q5hIbRs2wD1A=="],

    "pure-rand": ["pure-rand@6.1.0", "", {}, "sha512-bVWawvoZoBYpp6yIoQtQXHZjmz35RSVHnUOTefl8Vcjr8snTPY1wnpSPMWekcFwbxI6gtmT7rSYPFvz71ldiOA=="],

    "typescript": ["typescript@6.0.3", "", { "bin": { "tsc": "bin/tsc", "tsserver": "bin/tsserver" } }, "sha512-y2TvuxSZPDyQakkFRPZHKFm+KKVqIisdg9/CZwm9ftvKXLP8NRWj38/ODjNbr43SsoXqNuAisEf1GdCxqWcdBw=="],

    "undici-types": ["undici-types@8.3.0", "", {}, "sha512-j375ScV60dom+YkPFIfTLcOiPxkN/buHz5GobjLhixFuANaNs3C9l4GmrWqejgXWJ7BbJcFYpTEUkS1Ge8bpZQ=="],
  }
}
